
Microsoft Visual Studio Solution File, Format Version 11.00
# Visual Studio 2010
Project("{FAE04EC0-301F-11D3-BF4B-00C04F79EFBC}") = "P01_Text2Tree", "01Text2Tree\P01_Text2Tree.csproj", "{67B82C68-322F-4909-906E-741C89B07851}"
EndProject
Project("{FAE04EC0-301F-11D3-BF4B-00C04F79EFBC}") = "TextTreeParser", "TextTreeParser\TextTreeParser.csproj", "{C412D39F-C4E8-4B13-8606-2F8A5AD006D7}"
EndProject
Project("{FAE04EC0-301F-11D3-BF4B-00C04F79EFBC}") = "TrepInterpreter", "TrepInterpreter\TrepInterpreter.csproj", "{C9930377-600F-4391-8CCC-DA0A517448F6}"
EndProject
Global
	GlobalSection(SolutionConfigurationPlatforms) = preSolution
		Debug|Any CPU = Debug|Any CPU
		Debug|Mixed Platforms = Debug|Mixed Platforms
		Debug|x86 = Debug|x86
		Release|Any CPU = Release|Any CPU
		Release|Mixed Platforms = Release|Mixed Platforms
		Release|x86 = Release|x86
	EndGlobalSection
	GlobalSection(ProjectConfigurationPlatforms) = postSolution
		{67B82C68-322F-4909-906E-741C89B07851}.Debug|Any CPU.ActiveCfg = Debug|x86
		{67B82C68-322F-4909-906E-741C89B07851}.Debug|Mixed Platforms.ActiveCfg = Debug|x86
		{67B82C68-322F-4909-906E-741C89B07851}.Debug|Mixed Platforms.Build.0 = Debug|x86
		{67B82C68-322F-4909-906E-741C89B07851}.Debug|x86.ActiveCfg = Debug|x86
		{67B82C68-322F-4909-906E-741C89B07851}.Debug|x86.Build.0 = Debug|x86
		{67B82C68-322F-4909-906E-741C89B07851}.Release|Any CPU.ActiveCfg = Release|x86
		{67B82C68-322F-4909-906E-741C89B07851}.Release|Mixed Platforms.ActiveCfg = Release|x86
		{67B82C68-322F-4909-906E-741C89B07851}.Release|Mixed Platforms.Build.0 = Release|x86
		{67B82C68-322F-4909-906E-741C89B07851}.Release|x86.ActiveCfg = Release|x86
		{67B82C68-322F-4909-906E-741C89B07851}.Release|x86.Build.0 = Release|x86
		{C412D39F-C4E8-4B13-8606-2F8A5AD006D7}.Debug|Any CPU.ActiveCfg = Debug|Any CPU
		{C412D39F-C4E8-4B13-8606-2F8A5AD006D7}.Debug|Any CPU.Build.0 = Debug|Any CPU
		{C412D39F-C4E8-4B13-8606-2F8A5AD006D7}.Debug|Mixed Platforms.ActiveCfg = Debug|Any CPU
		{C412D39F-C4E8-4B13-8606-2F8A5AD006D7}.Debug|Mixed Platforms.Build.0 = Debug|Any CPU
		{C412D39F-C4E8-4B13-8606-2F8A5AD006D7}.Debug|x86.ActiveCfg = Debug|Any CPU
		{C412D39F-C4E8-4B13-8606-2F8A5AD006D7}.Release|Any CPU.ActiveCfg = Release|Any CPU
		{C412D39F-C4E8-4B13-8606-2F8A5AD006D7}.Release|Any CPU.Build.0 = Release|Any CPU
		{C412D39F-C4E8-4B13-8606-2F8A5AD006D7}.Release|Mixed Platforms.ActiveCfg = Release|Any CPU
		{C412D39F-C4E8-4B13-8606-2F8A5AD006D7}.Release|Mixed Platforms.Build.0 = Release|Any CPU
		{C412D39F-C4E8-4B13-8606-2F8A5AD006D7}.Release|x86.ActiveCfg = Release|Any CPU
		{C9930377-600F-4391-8CCC-DA0A517448F6}.Debug|Any CPU.ActiveCfg = Debug|Any CPU
		{C9930377-600F-4391-8CCC-DA0A517448F6}.Debug|Any CPU.Build.0 = Debug|Any CPU
		{C9930377-600F-4391-8CCC-DA0A517448F6}.Debug|Mixed Platforms.ActiveCfg = Debug|Any CPU
		{C9930377-600F-4391-8CCC-DA0A517448F6}.Debug|Mixed Platforms.Build.0 = Debug|Any CPU
		{C9930377-600F-4391-8CCC-DA0A517448F6}.Debug|x86.ActiveCfg = Debug|Any CPU
		{C9930377-600F-4391-8CCC-DA0A517448F6}.Release|Any CPU.ActiveCfg = Release|Any CPU
		{C9930377-600F-4391-8CCC-DA0A517448F6}.Release|Any CPU.Build.0 = Release|Any CPU
		{C9930377-600F-4391-8CCC-DA0A517448F6}.Release|Mixed Platforms.ActiveCfg = Release|Any CPU
		{C9930377-600F-4391-8CCC-DA0A517448F6}.Release|Mixed Platforms.Build.0 = Release|Any CPU
		{C9930377-600F-4391-8CCC-DA0A517448F6}.Release|x86.ActiveCfg = Release|Any CPU
	EndGlobalSection
	GlobalSection(SolutionProperties) = preSolution
		HideSolutionNode = FALSE
	EndGlobalSection
EndGlobal
